{
  "nodes": {
    "catppuccin": {
      "inputs": {
        "nixpkgs": [
          "nixpkgs"
        ]
      },
      "locked": {
        "lastModified": 1746896926,
        "narHash": "sha256-rrpqPPUI+8xJ2ye2UsR5wFjhZo9lp+BZ/RAtPwsSrj0=",
        "owner": "catppuccin",
        "repo": "nix",
        "rev": "bbc926d6f93a7cdad1cd38dc1410cea23589a40e",
        "type": "github"
      },
      "original": {
        "owner": "catppuccin",
        "repo": "nix",
        "type": "github"
      }
    },
    "home-manager": {
      "inputs": {
        "nixpkgs": [
          "nixpkgs"
        ]
      },
      "locked": {
        "lastModified": 1747021744,
        "narHash": "sha256-IDsM/9/tHQBlhG3tXI2fTM84AUN1uRa7JDPT1LMlGes=",
        "owner": "nix-community",
        "repo": "home-manager",
        "rev": "fb061f555f821fe4fb49f8f6f2a0cc3d5728bd52",
        "type": "github"
      },
      "original": {
        "owner": "nix-community",
        "repo": "home-manager",
        "type": "github"
      }
    },
    "nixpkgs": {
      "locked": {
        "lastModified": 1747032016,
        "narHash": "sha256-xp5diwyZaYzARP7MYB9upoKemvbKIsj905aviRFK8DQ=",
        "owner": "NixOS",
        "repo": "nixpkgs",
        "rev": "f79b568519a89d35ca8c6e10b2fb5dc389826a99",
        "type": "github"
      },
      "original": {
        "owner": "nixos",
        "ref": "nixpkgs-unstable",
        "repo": "nixpkgs",
        "type": "github"
      }
    },
    "root": {
      "inputs": {
        "catppuccin": "catppuccin",
        "home-manager": "home-manager",
        "nixpkgs": "nixpkgs"
      }
    }
  },
  "root": "root",
  "version": 7
}
